
Microsoft Visual Studio Solution File, Format Version 12.00
# Visual Studio Version 16
VisualStudioVersion = 16.0.31729.503
MinimumVisualStudioVersion = 10.0.40219.1
Project("{8BC9CEB8-8B4A-11D0-8D11-00A0C91BC942}") = "opencv17", "opencv17\opencv17.vcxproj", "{B868E922-4AA7-4991-9AD9-B651F6E2769C}"
EndProject
Global
	GlobalSection(SolutionConfigurationPlatforms) = preSolution
		Debug|x64 = Debug|x64
		Debug|x86 = Debug|x86
		Release|x64 = Release|x64
		Release|x86 = Release|x86
	EndGlobalSection
	GlobalSection(ProjectConfigurationPlatforms) = postSolution
		{B868E922-4AA7-4991-9AD9-B651F6E2769C}.Debug|x64.ActiveCfg = Debug|x64
		{B868E922-4AA7-4991-9AD9-B651F6E2769C}.Debug|x64.Build.0 = Debug|x64
		{B868E922-4AA7-4991-9AD9-B651F6E2769C}.Debug|x86.ActiveCfg = Debug|Win32
		{B868E922-4AA7-4991-9AD9-B651F6E2769C}.Debug|x86.Build.0 = Debug|Win32
		{B868E922-4AA7-4991-9AD9-B651F6E2769C}.Release|x64.ActiveCfg = Release|x64
		{B868E922-4AA7-4991-9AD9-B651F6E2769C}.Release|x64.Build.0 = Release|x64
		{B868E922-4AA7-4991-9AD9-B651F6E2769C}.Release|x86.ActiveCfg = Release|Win32
		{B868E922-4AA7-4991-9AD9-B651F6E2769C}.Release|x86.Build.0 = Release|Win32
	EndGlobalSection
	GlobalSection(SolutionProperties) = preSolution
		HideSolutionNode = FALSE
	EndGlobalSection
	GlobalSection(ExtensibilityGlobals) = postSolution
		SolutionGuid = {DC80BC29-9CCC-4BC7-8226-BBC3FBB568B3}
	EndGlobalSection
EndGlobal
